
Microsoft Visual Studio Solution File, Format Version 12.00
# Visual Studio 15
VisualStudioVersion = 15.0.27130.2036
MinimumVisualStudioVersion = 10.0.40219.1
Project("{FAE04EC0-301F-11D3-BF4B-00C04F79EFBC}") = "WebSeite", "WebSeite\WebSeite.csproj", "{35432EDA-B7D9-4CF8-8671-D28F36CB3C51}"
EndProject
Global
	GlobalSection(SolutionConfigurationPlatforms) = preSolution
		Debug|Any CPU = Debug|Any CPU
		Release|Any CPU = Release|Any CPU
	EndGlobalSection
	GlobalSection(ProjectConfigurationPlatforms) = postSolution
		{35432EDA-B7D9-4CF8-8671-D28F36CB3C51}.Debug|Any CPU.ActiveCfg = Debug|Any CPU
		{35432EDA-B7D9-4CF8-8671-D28F36CB3C51}.Debug|Any CPU.Build.0 = Debug|Any CPU
		{35432EDA-B7D9-4CF8-8671-D28F36CB3C51}.Release|Any CPU.ActiveCfg = Release|Any CPU
		{35432EDA-B7D9-4CF8-8671-D28F36CB3C51}.Release|Any CPU.Build.0 = Release|Any CPU
	EndGlobalSection
	GlobalSection(SolutionProperties) = preSolution
		HideSolutionNode = FALSE
	EndGlobalSection
	GlobalSection(ExtensibilityGlobals) = postSolution
		SolutionGuid = {0F0154A7-D49E-4E28-A6F0-F577D72AB71A}
	EndGlobalSection
EndGlobal
